github.com/Schniipi/funtemps v1.0.1 h1:1GwmMpmof+ZUAW7OHDA+2CzdM26vNwEQBWuHwKuen/M=
github.com/Schniipi/funtemps v1.0.1/go.mod h1:yi07mLp8XdDZo/6PaylmwhVInv4ovAWaGFRyBQLYMjQ=
github.com/Schniipi/is105sem03 v0.0.0-20230503195952-112dad4b7185 h1:1pekr04SML9YCTCY127C6BCunifUCR8HCT6e8QqH/6k=
github.com/Schniipi/is105sem03 v0.0.0-20230503195952-112dad4b7185/go.mod h1:xtrrL/Z/fxxPwUElmp3piuqkEqKiB+HkqJIJ9jgYsQE=
github.com/Schniipi/minyr v0.0.0-20230424171558-31aeff5040d6 h1:Jd2xoBjtlqodntLD4CU3CNXvvhqbYJMcsgE9DfDcExA=
github.com/Schniipi/minyr v0.0.0-20230424171558-31aeff5040d6/go.mod h1:g2ifNdUaX9oiVLqSKIQ7O3NYWth0cQaUL19wIeKc1Jc=
